
Microsoft Visual Studio Solution File, Format Version 12.00
Project("{FAE04EC0-301F-11D3-BF4B-00C04F79EFBC}") = "MyRecipeBook.API", "MyRecipeBook.API\MyRecipeBook.API.csproj", "{369741AF-4E7C-415E-B5B8-2EC93787CAF8}"
EndProject
Project("{FAE04EC0-301F-11D3-BF4B-00C04F79EFBC}") = "MyRecipeBook.Domain", "MyRecipeBook.Domain\MyRecipeBook.Domain.csproj", "{468F4FCA-063E-4AAF-9BA5-E3D8431FA123}"
EndProject
Project("{FAE04EC0-301F-11D3-BF4B-00C04F79EFBC}") = "MyRecipeBook.Infrastructure", "MyRecipeBook.Infrastructure\MyRecipeBook.Infrastructure.csproj", "{970E0414-12C4-45A3-A037-EC90A554F169}"
EndProject
Project("{FAE04EC0-301F-11D3-BF4B-00C04F79EFBC}") = "MyRecipeBook.Application", "MyRecipeBook.Application\MyRecipeBook.Application.csproj", "{13D18A21-ACDB-401C-BDB2-0797ED8D9DF3}"
EndProject
Project("{FAE04EC0-301F-11D3-BF4B-00C04F79EFBC}") = "MyRecipeBook.Communication", "MyRecipeBook.Communication\MyRecipeBook.Communication.csproj", "{D4551BB9-0CEB-4F14-B1F9-51317C3D187A}"
EndProject
Project("{FAE04EC0-301F-11D3-BF4B-00C04F79EFBC}") = "MyRecipeBook.Exception", "MyRecipeBook.Exception\MyRecipeBook.Exception.csproj", "{5FF77DB2-8DAF-424E-A53B-BFF271A6A1FF}"
EndProject
Project("{FAE04EC0-301F-11D3-BF4B-00C04F79EFBC}") = "Validators.Test", "tests\Validators.Test\Validators.Test.csproj", "{3C965EB6-BC2B-4223-95AE-81609E8BB648}"
EndProject
Project("{2150E333-8FDC-42A3-9474-1A3956D46DE8}") = "tests", "tests", "{55CB7A4D-007A-4649-B402-57A4B470A1D2}"
EndProject
Project("{FAE04EC0-301F-11D3-BF4B-00C04F79EFBC}") = "CommonTestUtilities", "tests\CommonTestUtilities\CommonTestUtilities.csproj", "{1F060105-AC47-48DE-9DB4-BE72FF8327F9}"
EndProject
Global
	GlobalSection(SolutionConfigurationPlatforms) = preSolution
		Debug|Any CPU = Debug|Any CPU
		Release|Any CPU = Release|Any CPU
	EndGlobalSection
	GlobalSection(ProjectConfigurationPlatforms) = postSolution
		{369741AF-4E7C-415E-B5B8-2EC93787CAF8}.Debug|Any CPU.ActiveCfg = Debug|Any CPU
		{369741AF-4E7C-415E-B5B8-2EC93787CAF8}.Debug|Any CPU.Build.0 = Debug|Any CPU
		{369741AF-4E7C-415E-B5B8-2EC93787CAF8}.Release|Any CPU.ActiveCfg = Release|Any CPU
		{369741AF-4E7C-415E-B5B8-2EC93787CAF8}.Release|Any CPU.Build.0 = Release|Any CPU
		{468F4FCA-063E-4AAF-9BA5-E3D8431FA123}.Debug|Any CPU.ActiveCfg = Debug|Any CPU
		{468F4FCA-063E-4AAF-9BA5-E3D8431FA123}.Debug|Any CPU.Build.0 = Debug|Any CPU
		{468F4FCA-063E-4AAF-9BA5-E3D8431FA123}.Release|Any CPU.ActiveCfg = Release|Any CPU
		{468F4FCA-063E-4AAF-9BA5-E3D8431FA123}.Release|Any CPU.Build.0 = Release|Any CPU
		{970E0414-12C4-45A3-A037-EC90A554F169}.Debug|Any CPU.ActiveCfg = Debug|Any CPU
		{970E0414-12C4-45A3-A037-EC90A554F169}.Debug|Any CPU.Build.0 = Debug|Any CPU
		{970E0414-12C4-45A3-A037-EC90A554F169}.Release|Any CPU.ActiveCfg = Release|Any CPU
		{970E0414-12C4-45A3-A037-EC90A554F169}.Release|Any CPU.Build.0 = Release|Any CPU
		{13D18A21-ACDB-401C-BDB2-0797ED8D9DF3}.Debug|Any CPU.ActiveCfg = Debug|Any CPU
		{13D18A21-ACDB-401C-BDB2-0797ED8D9DF3}.Debug|Any CPU.Build.0 = Debug|Any CPU
		{13D18A21-ACDB-401C-BDB2-0797ED8D9DF3}.Release|Any CPU.ActiveCfg = Release|Any CPU
		{13D18A21-ACDB-401C-BDB2-0797ED8D9DF3}.Release|Any CPU.Build.0 = Release|Any CPU
		{D4551BB9-0CEB-4F14-B1F9-51317C3D187A}.Debug|Any CPU.ActiveCfg = Debug|Any CPU
		{D4551BB9-0CEB-4F14-B1F9-51317C3D187A}.Debug|Any CPU.Build.0 = Debug|Any CPU
		{D4551BB9-0CEB-4F14-B1F9-51317C3D187A}.Release|Any CPU.ActiveCfg = Release|Any CPU
		{D4551BB9-0CEB-4F14-B1F9-51317C3D187A}.Release|Any CPU.Build.0 = Release|Any CPU
		{5FF77DB2-8DAF-424E-A53B-BFF271A6A1FF}.Debug|Any CPU.ActiveCfg = Debug|Any CPU
		{5FF77DB2-8DAF-424E-A53B-BFF271A6A1FF}.Debug|Any CPU.Build.0 = Debug|Any CPU
		{5FF77DB2-8DAF-424E-A53B-BFF271A6A1FF}.Release|Any CPU.ActiveCfg = Release|Any CPU
		{5FF77DB2-8DAF-424E-A53B-BFF271A6A1FF}.Release|Any CPU.Build.0 = Release|Any CPU
		{3C965EB6-BC2B-4223-95AE-81609E8BB648}.Debug|Any CPU.ActiveCfg = Debug|Any CPU
		{3C965EB6-BC2B-4223-95AE-81609E8BB648}.Debug|Any CPU.Build.0 = Debug|Any CPU
		{3C965EB6-BC2B-4223-95AE-81609E8BB648}.Release|Any CPU.ActiveCfg = Release|Any CPU
		{3C965EB6-BC2B-4223-95AE-81609E8BB648}.Release|Any CPU.Build.0 = Release|Any CPU
		{1F060105-AC47-48DE-9DB4-BE72FF8327F9}.Debug|Any CPU.ActiveCfg = Debug|Any CPU
		{1F060105-AC47-48DE-9DB4-BE72FF8327F9}.Debug|Any CPU.Build.0 = Debug|Any CPU
		{1F060105-AC47-48DE-9DB4-BE72FF8327F9}.Release|Any CPU.ActiveCfg = Release|Any CPU
		{1F060105-AC47-48DE-9DB4-BE72FF8327F9}.Release|Any CPU.Build.0 = Release|Any CPU
	EndGlobalSection
	GlobalSection(NestedProjects) = preSolution
		{3C965EB6-BC2B-4223-95AE-81609E8BB648} = {55CB7A4D-007A-4649-B402-57A4B470A1D2}
		{1F060105-AC47-48DE-9DB4-BE72FF8327F9} = {55CB7A4D-007A-4649-B402-57A4B470A1D2}
	EndGlobalSection
EndGlobal
